
Microsoft Visual Studio Solution File, Format Version 12.00
# Visual Studio 15
VisualStudioVersion = 15.0.28307.757
MinimumVisualStudioVersion = 10.0.40219.1
Project("{FAE04EC0-301F-11D3-BF4B-00C04F79EFBC}") = "Senai.Roman.WebApi", "Senai.Roman.WebApi\Senai.Roman.WebApi.csproj", "{761A9DBF-98BD-472E-8579-8249E4427EB0}"
EndProject
Global
	GlobalSection(SolutionConfigurationPlatforms) = preSolution
		Debug|Any CPU = Debug|Any CPU
		Release|Any CPU = Release|Any CPU
	EndGlobalSection
	GlobalSection(ProjectConfigurationPlatforms) = postSolution
		{761A9DBF-98BD-472E-8579-8249E4427EB0}.Debug|Any CPU.ActiveCfg = Debug|Any CPU
		{761A9DBF-98BD-472E-8579-8249E4427EB0}.Debug|Any CPU.Build.0 = Debug|Any CPU
		{761A9DBF-98BD-472E-8579-8249E4427EB0}.Release|Any CPU.ActiveCfg = Release|Any CPU
		{761A9DBF-98BD-472E-8579-8249E4427EB0}.Release|Any CPU.Build.0 = Release|Any CPU
	EndGlobalSection
	GlobalSection(SolutionProperties) = preSolution
		HideSolutionNode = FALSE
	EndGlobalSection
	GlobalSection(ExtensibilityGlobals) = postSolution
		SolutionGuid = {EB78BEAE-C2E2-496D-8BD2-624EAF68467A}
	EndGlobalSection
EndGlobal
